
Microsoft Visual Studio Solution File, Format Version 12.00
# Visual Studio Version 17
VisualStudioVersion = 17.1.32421.90
MinimumVisualStudioVersion = 10.0.40219.1
Project("{FAE04EC0-301F-11D3-BF4B-00C04F79EFBC}") = "clase5", "clase5\clase5.csproj", "{79438909-20C4-4A5A-B7BF-F98FFE05D14A}"
EndProject
Global
	GlobalSection(SolutionConfigurationPlatforms) = preSolution
		Debug|Any CPU = Debug|Any CPU
		Release|Any CPU = Release|Any CPU
	EndGlobalSection
	GlobalSection(ProjectConfigurationPlatforms) = postSolution
		{79438909-20C4-4A5A-B7BF-F98FFE05D14A}.Debug|Any CPU.ActiveCfg = Debug|Any CPU
		{79438909-20C4-4A5A-B7BF-F98FFE05D14A}.Debug|Any CPU.Build.0 = Debug|Any CPU
		{79438909-20C4-4A5A-B7BF-F98FFE05D14A}.Release|Any CPU.ActiveCfg = Release|Any CPU
		{79438909-20C4-4A5A-B7BF-F98FFE05D14A}.Release|Any CPU.Build.0 = Release|Any CPU
	EndGlobalSection
	GlobalSection(SolutionProperties) = preSolution
		HideSolutionNode = FALSE
	EndGlobalSection
	GlobalSection(ExtensibilityGlobals) = postSolution
		SolutionGuid = {5DF0EB05-6094-41E2-9D1C-017CE200BF98}
	EndGlobalSection
EndGlobal
