
Microsoft Visual Studio Solution File, Format Version 12.00
# Visual Studio Version 17
VisualStudioVersion = 17.1.32421.90
MinimumVisualStudioVersion = 10.0.40219.1
Project("{FAE04EC0-301F-11D3-BF4B-00C04F79EFBC}") = "clase 9 ejercicio 1", "clase 9 ejercicio 1\clase 9 ejercicio 1.csproj", "{57BEFF62-1A7D-4783-A779-116077F1E20E}"
EndProject
Global
	GlobalSection(SolutionConfigurationPlatforms) = preSolution
		Debug|Any CPU = Debug|Any CPU
		Release|Any CPU = Release|Any CPU
	EndGlobalSection
	GlobalSection(ProjectConfigurationPlatforms) = postSolution
		{57BEFF62-1A7D-4783-A779-116077F1E20E}.Debug|Any CPU.ActiveCfg = Debug|Any CPU
		{57BEFF62-1A7D-4783-A779-116077F1E20E}.Debug|Any CPU.Build.0 = Debug|Any CPU
		{57BEFF62-1A7D-4783-A779-116077F1E20E}.Release|Any CPU.ActiveCfg = Release|Any CPU
		{57BEFF62-1A7D-4783-A779-116077F1E20E}.Release|Any CPU.Build.0 = Release|Any CPU
	EndGlobalSection
	GlobalSection(SolutionProperties) = preSolution
		HideSolutionNode = FALSE
	EndGlobalSection
	GlobalSection(ExtensibilityGlobals) = postSolution
		SolutionGuid = {F08203AA-B023-4F13-9A92-5EBFFD8CE537}
	EndGlobalSection
EndGlobal
